// !$*UTF8*$!
{
	archiveVersion = 1;
	classes = {
	};
	objectVersion = 56;
	objects = {

/* Begin PBXBuildFile section */
		657F0B032D5BFCB300648CCB /* P01-318192046.cpp in Sources */ = {isa = PBXBuildFile; fileRef = 657F0B022D5BFCB300648CCB /* P01-318192046.cpp */; };
		657F0B0B2D5C00DE00648CCB /* Mesh.cpp in Sources */ = {isa = PBXBuildFile; fileRef = 657F0B092D5C00DE00648CCB /* Mesh.cpp */; };
		657F0B0E2D5C01A600648CCB /* Shader.cpp in Sources */ = {isa = PBXBuildFile; fileRef = 657F0B0D2D5C01A600648CCB /* Shader.cpp */; };
		657F0B112D5C01B600648CCB /* Window.cpp in Sources */ = {isa = PBXBuildFile; fileRef = 657F0B102D5C01B500648CCB /* Window.cpp */; };
		657F0B142D5C045E00648CCB /* libGLEW.2.2.0.dylib in Frameworks */ = {isa = PBXBuildFile; fileRef = 657F0B132D5C045E00648CCB /* libGLEW.2.2.0.dylib */; };
		657F0B162D5C04A100648CCB /* libglfw.3.4.dylib in Frameworks */ = {isa = PBXBuildFile; fileRef = 657F0B152D5C04A100648CCB /* libglfw.3.4.dylib */; };
		657F0B182D5C04B100648CCB /* OpenGL.framework in Frameworks */ = {isa = PBXBuildFile; fileRef = 657F0B172D5C04B100648CCB /* OpenGL.framework */; };
		657F0B1A2D5C04BA00648CCB /* Cocoa.framework in Frameworks */ = {isa = PBXBuildFile; fileRef = 657F0B192D5C04BA00648CCB /* Cocoa.framework */; };
		657F0B1C2D5C04C200648CCB /* IOKit.framework in Frameworks */ = {isa = PBXBuildFile; fileRef = 657F0B1B2D5C04C200648CCB /* IOKit.framework */; };
		657F0B1E2D5C04C900648CCB /* CoreVideo.framework in Frameworks */ = {isa = PBXBuildFile; fileRef = 657F0B1D2D5C04C900648CCB /* CoreVideo.framework */; };
		657F0B242D5C41D400648CCB /* segundo_main.cpp in Sources */ = {isa = PBXBuildFile; fileRef = 657F0B232D5C41D400648CCB /* segundo_main.cpp */; };
/* End PBXBuildFile section */

/* Begin PBXCopyFilesBuildPhase section */
		657F0AFD2D5BFCB300648CCB /* CopyFiles */ = {
			isa = PBXCopyFilesBuildPhase;
			buildActionMask = 2147483647;
			dstPath = /usr/share/man/man1/;
			dstSubfolderSpec = 0;
			files = (
			);
			runOnlyForDeploymentPostprocessing = 1;
		};
/* End PBXCopyFilesBuildPhase section */

/* Begin PBXFileReference section */
		657F0AFF2D5BFCB300648CCB /* tarea1G */ = {isa = PBXFileReference; explicitFileType = "compiled.mach-o.executable"; includeInIndex = 0; path = tarea1G; sourceTree = BUILT_PRODUCTS_DIR; };
		657F0B022D5BFCB300648CCB /* P01-318192046.cpp */ = {isa = PBXFileReference; lastKnownFileType = sourcecode.cpp.cpp; path = "P01-318192046.cpp"; sourceTree = "<group>"; };
		657F0B092D5C00DE00648CCB /* Mesh.cpp */ = {isa = PBXFileReference; fileEncoding = 4; lastKnownFileType = sourcecode.cpp.cpp; path = Mesh.cpp; sourceTree = "<group>"; };
		657F0B0A2D5C00DE00648CCB /* Mesh.h */ = {isa = PBXFileReference; fileEncoding = 4; lastKnownFileType = sourcecode.c.h; path = Mesh.h; sourceTree = "<group>"; };
		657F0B0C2D5C01A600648CCB /* Shader.h */ = {isa = PBXFileReference; fileEncoding = 4; lastKnownFileType = sourcecode.c.h; path = Shader.h; sourceTree = "<group>"; };
		657F0B0D2D5C01A600648CCB /* Shader.cpp */ = {isa = PBXFileReference; fileEncoding = 4; lastKnownFileType = sourcecode.cpp.cpp; path = Shader.cpp; sourceTree = "<group>"; };
		657F0B0F2D5C01B500648CCB /* Window.h */ = {isa = PBXFileReference; fileEncoding = 4; lastKnownFileType = sourcecode.c.h; path = Window.h; sourceTree = "<group>"; };
		657F0B102D5C01B500648CCB /* Window.cpp */ = {isa = PBXFileReference; fileEncoding = 4; lastKnownFileType = sourcecode.cpp.cpp; path = Window.cpp; sourceTree = "<group>"; };
		657F0B132D5C045E00648CCB /* libGLEW.2.2.0.dylib */ = {isa = PBXFileReference; lastKnownFileType = "compiled.mach-o.dylib"; name = libGLEW.2.2.0.dylib; path = ../../../../usr/local/Cellar/glew/2.2.0_1/lib/libGLEW.2.2.0.dylib; sourceTree = "<group>"; };
		657F0B152D5C04A100648CCB /* libglfw.3.4.dylib */ = {isa = PBXFileReference; lastKnownFileType = "compiled.mach-o.dylib"; name = libglfw.3.4.dylib; path = ../../../../usr/local/Cellar/glfw/3.4/lib/libglfw.3.4.dylib; sourceTree = "<group>"; };
		657F0B172D5C04B100648CCB /* OpenGL.framework */ = {isa = PBXFileReference; lastKnownFileType = wrapper.framework; name = OpenGL.framework; path = System/Library/Frameworks/OpenGL.framework; sourceTree = SDKROOT; };
		657F0B192D5C04BA00648CCB /* Cocoa.framework */ = {isa = PBXFileReference; lastKnownFileType = wrapper.framework; name = Cocoa.framework; path = System/Library/Frameworks/Cocoa.framework; sourceTree = SDKROOT; };
		657F0B1B2D5C04C200648CCB /* IOKit.framework */ = {isa = PBXFileReference; lastKnownFileType = wrapper.framework; name = IOKit.framework; path = System/Library/Frameworks/IOKit.framework; sourceTree = SDKROOT; };
		657F0B1D2D5C04C900648CCB /* CoreVideo.framework */ = {isa = PBXFileReference; lastKnownFileType = wrapper.framework; name = CoreVideo.framework; path = System/Library/Frameworks/CoreVideo.framework; sourceTree = SDKROOT; };
		657F0B212D5C3A6100648CCB /* variables.h */ = {isa = PBXFileReference; fileEncoding = 4; lastKnownFileType = sourcecode.c.h; path = variables.h; sourceTree = "<group>"; };
		657F0B222D5C3C2500648CCB /* segundo_main.h */ = {isa = PBXFileReference; fileEncoding = 4; lastKnownFileType = sourcecode.c.h; path = segundo_main.h; sourceTree = "<group>"; };
		657F0B232D5C41D400648CCB /* segundo_main.cpp */ = {isa = PBXFileReference; fileEncoding = 4; lastKnownFileType = sourcecode.cpp.cpp; path = segundo_main.cpp; sourceTree = "<group>"; };
/* End PBXFileReference section */

/* Begin PBXFrameworksBuildPhase section */
		657F0AFC2D5BFCB300648CCB /* Frameworks */ = {
			isa = PBXFrameworksBuildPhase;
			buildActionMask = 2147483647;
			files = (
				657F0B1E2D5C04C900648CCB /* CoreVideo.framework in Frameworks */,
				657F0B1C2D5C04C200648CCB /* IOKit.framework in Frameworks */,
				657F0B1A2D5C04BA00648CCB /* Cocoa.framework in Frameworks */,
				657F0B182D5C04B100648CCB /* OpenGL.framework in Frameworks */,
				657F0B162D5C04A100648CCB /* libglfw.3.4.dylib in Frameworks */,
				657F0B142D5C045E00648CCB /* libGLEW.2.2.0.dylib in Frameworks */,
			);
			runOnlyForDeploymentPostprocessing = 0;
		};
/* End PBXFrameworksBuildPhase section */

/* Begin PBXGroup section */
		657F0AF62D5BFCB300648CCB = {
			isa = PBXGroup;
			children = (
				657F0B012D5BFCB300648CCB /* tarea1G */,
				657F0B002D5BFCB300648CCB /* Products */,
				657F0B122D5C045E00648CCB /* Frameworks */,
			);
			sourceTree = "<group>";
		};
		657F0B002D5BFCB300648CCB /* Products */ = {
			isa = PBXGroup;
			children = (
				657F0AFF2D5BFCB300648CCB /* tarea1G */,
			);
			name = Products;
			sourceTree = "<group>";
		};
		657F0B012D5BFCB300648CCB /* tarea1G */ = {
			isa = PBXGroup;
			children = (
				657F0B212D5C3A6100648CCB /* variables.h */,
				657F0B022D5BFCB300648CCB /* P01-318192046.cpp */,
				657F0B222D5C3C2500648CCB /* segundo_main.h */,
				657F0B232D5C41D400648CCB /* segundo_main.cpp */,
				657F0B092D5C00DE00648CCB /* Mesh.cpp */,
				657F0B0A2D5C00DE00648CCB /* Mesh.h */,
				657F0B0D2D5C01A600648CCB /* Shader.cpp */,
				657F0B0C2D5C01A600648CCB /* Shader.h */,
				657F0B102D5C01B500648CCB /* Window.cpp */,
				657F0B0F2D5C01B500648CCB /* Window.h */,
			);
			path = tarea1G;
			sourceTree = "<group>";
		};
		657F0B122D5C045E00648CCB /* Frameworks */ = {
			isa = PBXGroup;
			children = (
				657F0B1D2D5C04C900648CCB /* CoreVideo.framework */,
				657F0B1B2D5C04C200648CCB /* IOKit.framework */,
				657F0B192D5C04BA00648CCB /* Cocoa.framework */,
				657F0B172D5C04B100648CCB /* OpenGL.framework */,
				657F0B152D5C04A100648CCB /* libglfw.3.4.dylib */,
				657F0B132D5C045E00648CCB /* libGLEW.2.2.0.dylib */,
			);
			name = Frameworks;
			sourceTree = "<group>";
		};
/* End PBXGroup section */

/* Begin PBXNativeTarget section */
		657F0AFE2D5BFCB300648CCB /* tarea1G */ = {
			isa = PBXNativeTarget;
			buildConfigurationList = 657F0B062D5BFCB300648CCB /* Build configuration list for PBXNativeTarget "tarea1G" */;
			buildPhases = (
				657F0AFB2D5BFCB300648CCB /* Sources */,
				657F0AFC2D5BFCB300648CCB /* Frameworks */,
				657F0AFD2D5BFCB300648CCB /* CopyFiles */,
			);
			buildRules = (
			);
			dependencies = (
			);
			name = tarea1G;
			productName = tarea1G;
			productReference = 657F0AFF2D5BFCB300648CCB /* tarea1G */;
			productType = "com.apple.product-type.tool";
		};
/* End PBXNativeTarget section */

/* Begin PBXProject section */
		657F0AF72D5BFCB300648CCB /* Project object */ = {
			isa = PBXProject;
			attributes = {
				BuildIndependentTargetsInParallel = 1;
				LastUpgradeCheck = 1420;
				TargetAttributes = {
					657F0AFE2D5BFCB300648CCB = {
						CreatedOnToolsVersion = 14.2;
					};
				};
			};
			buildConfigurationList = 657F0AFA2D5BFCB300648CCB /* Build configuration list for PBXProject "tarea1G" */;
			compatibilityVersion = "Xcode 14.0";
			developmentRegion = en;
			hasScannedForEncodings = 0;
			knownRegions = (
				en,
				Base,
			);
			mainGroup = 657F0AF62D5BFCB300648CCB;
			productRefGroup = 657F0B002D5BFCB300648CCB /* Products */;
			projectDirPath = "";
			projectRoot = "";
			targets = (
				657F0AFE2D5BFCB300648CCB /* tarea1G */,
			);
		};
/* End PBXProject section */

/* Begin PBXSourcesBuildPhase section */
		657F0AFB2D5BFCB300648CCB /* Sources */ = {
			isa = PBXSourcesBuildPhase;
			buildActionMask = 2147483647;
			files = (
				657F0B0B2D5C00DE00648CCB /* Mesh.cpp in Sources */,
				657F0B0E2D5C01A600648CCB /* Shader.cpp in Sources */,
				657F0B032D5BFCB300648CCB /* P01-318192046.cpp in Sources */,
				657F0B112D5C01B600648CCB /* Window.cpp in Sources */,
				657F0B242D5C41D400648CCB /* segundo_main.cpp in Sources */,
			);
			runOnlyForDeploymentPostprocessing = 0;
		};
/* End PBXSourcesBuildPhase section */

/* Begin XCBuildConfiguration section */
		657F0B042D5BFCB300648CCB /* Debug */ = {
			isa = XCBuildConfiguration;
			buildSettings = {
				ALWAYS_SEARCH_USER_PATHS = NO;
				CLANG_ANALYZER_NONNULL = YES;
				CLANG_ANALYZER_NUMBER_OBJECT_CONVERSION = YES_AGGRESSIVE;
				CLANG_CXX_LANGUAGE_STANDARD = "gnu++20";
				CLANG_ENABLE_MODULES = YES;
				CLANG_ENABLE_OBJC_ARC = YES;
				CLANG_ENABLE_OBJC_WEAK = YES;
				CLANG_WARN_BLOCK_CAPTURE_AUTORELEASING = YES;
				CLANG_WARN_BOOL_CONVERSION = YES;
				CLANG_WARN_COMMA = YES;
				CLANG_WARN_CONSTANT_CONVERSION = YES;
				CLANG_WARN_DEPRECATED_OBJC_IMPLEMENTATIONS = YES;
				CLANG_WARN_DIRECT_OBJC_ISA_USAGE = YES_ERROR;
				CLANG_WARN_DOCUMENTATION_COMMENTS = YES;
				CLANG_WARN_EMPTY_BODY = YES;
				CLANG_WARN_ENUM_CONVERSION = YES;
				CLANG_WARN_INFINITE_RECURSION = YES;
				CLANG_WARN_INT_CONVERSION = YES;
				CLANG_WARN_NON_LITERAL_NULL_CONVERSION = YES;
				CLANG_WARN_OBJC_IMPLICIT_RETAIN_SELF = YES;
				CLANG_WARN_OBJC_LITERAL_CONVERSION = YES;
				CLANG_WARN_OBJC_ROOT_CLASS = YES_ERROR;
				CLANG_WARN_QUOTED_INCLUDE_IN_FRAMEWORK_HEADER = YES;
				CLANG_WARN_RANGE_LOOP_ANALYSIS = YES;
				CLANG_WARN_STRICT_PROTOTYPES = YES;
				CLANG_WARN_SUSPICIOUS_MOVE = YES;
				CLANG_WARN_UNGUARDED_AVAILABILITY = YES_AGGRESSIVE;
				CLANG_WARN_UNREACHABLE_CODE = YES;
				CLANG_WARN__DUPLICATE_METHOD_MATCH = YES;
				COPY_PHASE_STRIP = NO;
				DEBUG_INFORMATION_FORMAT = dwarf;
				ENABLE_STRICT_OBJC_MSGSEND = YES;
				ENABLE_TESTABILITY = YES;
				GCC_C_LANGUAGE_STANDARD = gnu11;
				GCC_DYNAMIC_NO_PIC = NO;
				GCC_NO_COMMON_BLOCKS = YES;
				GCC_OPTIMIZATION_LEVEL = 0;
				GCC_PREPROCESSOR_DEFINITIONS = (
					"DEBUG=1",
					"$(inherited)",
				);
				GCC_WARN_64_TO_32_BIT_CONVERSION = YES;
				GCC_WARN_ABOUT_RETURN_TYPE = YES_ERROR;
				GCC_WARN_UNDECLARED_SELECTOR = YES;
				GCC_WARN_UNINITIALIZED_AUTOS = YES_AGGRESSIVE;
				GCC_WARN_UNUSED_FUNCTION = YES;
				GCC_WARN_UNUSED_VARIABLE = YES;
				HEADER_SEARCH_PATHS = usr/local/include;
				MACOSX_DEPLOYMENT_TARGET = 12.7;
				MTL_ENABLE_DEBUG_INFO = INCLUDE_SOURCE;
				MTL_FAST_MATH = YES;
				ONLY_ACTIVE_ARCH = YES;
				SDKROOT = macosx;
			};
			name = Debug;
		};
		657F0B052D5BFCB300648CCB /* Release */ = {
			isa = XCBuildConfiguration;
			buildSettings = {
				ALWAYS_SEARCH_USER_PATHS = NO;
				CLANG_ANALYZER_NONNULL = YES;
				CLANG_ANALYZER_NUMBER_OBJECT_CONVERSION = YES_AGGRESSIVE;
				CLANG_CXX_LANGUAGE_STANDARD = "gnu++20";
				CLANG_ENABLE_MODULES = YES;
				CLANG_ENABLE_OBJC_ARC = YES;
				CLANG_ENABLE_OBJC_WEAK = YES;
				CLANG_WARN_BLOCK_CAPTURE_AUTORELEASING = YES;
				CLANG_WARN_BOOL_CONVERSION = YES;
				CLANG_WARN_COMMA = YES;
				CLANG_WARN_CONSTANT_CONVERSION = YES;
				CLANG_WARN_DEPRECATED_OBJC_IMPLEMENTATIONS = YES;
				CLANG_WARN_DIRECT_OBJC_ISA_USAGE = YES_ERROR;
				CLANG_WARN_DOCUMENTATION_COMMENTS = YES;
				CLANG_WARN_EMPTY_BODY = YES;
				CLANG_WARN_ENUM_CONVERSION = YES;
				CLANG_WARN_INFINITE_RECURSION = YES;
				CLANG_WARN_INT_CONVERSION = YES;
				CLANG_WARN_NON_LITERAL_NULL_CONVERSION = YES;
				CLANG_WARN_OBJC_IMPLICIT_RETAIN_SELF = YES;
				CLANG_WARN_OBJC_LITERAL_CONVERSION = YES;
				CLANG_WARN_OBJC_ROOT_CLASS = YES_ERROR;
				CLANG_WARN_QUOTED_INCLUDE_IN_FRAMEWORK_HEADER = YES;
				CLANG_WARN_RANGE_LOOP_ANALYSIS = YES;
				CLANG_WARN_STRICT_PROTOTYPES = YES;
				CLANG_WARN_SUSPICIOUS_MOVE = YES;
				CLANG_WARN_UNGUARDED_AVAILABILITY = YES_AGGRESSIVE;
				CLANG_WARN_UNREACHABLE_CODE = YES;
				CLANG_WARN__DUPLICATE_METHOD_MATCH = YES;
				COPY_PHASE_STRIP = NO;
				DEBUG_INFORMATION_FORMAT = "dwarf-with-dsym";
				ENABLE_NS_ASSERTIONS = NO;
				ENABLE_STRICT_OBJC_MSGSEND = YES;
				GCC_C_LANGUAGE_STANDARD = gnu11;
				GCC_NO_COMMON_BLOCKS = YES;
				GCC_WARN_64_TO_32_BIT_CONVERSION = YES;
				GCC_WARN_ABOUT_RETURN_TYPE = YES_ERROR;
				GCC_WARN_UNDECLARED_SELECTOR = YES;
				GCC_WARN_UNINITIALIZED_AUTOS = YES_AGGRESSIVE;
				GCC_WARN_UNUSED_FUNCTION = YES;
				GCC_WARN_UNUSED_VARIABLE = YES;
				HEADER_SEARCH_PATHS = usr/local/include;
				MACOSX_DEPLOYMENT_TARGET = 12.7;
				MTL_ENABLE_DEBUG_INFO = NO;
				MTL_FAST_MATH = YES;
				SDKROOT = macosx;
			};
			name = Release;
		};
		657F0B072D5BFCB300648CCB /* Debug */ = {
			isa = XCBuildConfiguration;
			buildSettings = {
				CODE_SIGN_STYLE = Automatic;
				HEADER_SEARCH_PATHS = /usr/local/include;
				LIBRARY_SEARCH_PATHS = (
					"$(inherited)",
					/usr/local/Cellar/glew/2.2.0_1/lib,
					/usr/local/Cellar/glfw/3.4/lib,
					/usr/local/lib,
				);
				PRODUCT_NAME = "$(TARGET_NAME)";
				SYSTEM_HEADER_SEARCH_PATHS = (
					"/usr/local/Cellar/glew/2.2.0_1/include\n/usr/local/Cellar/glew/2.2.0_1/include/**",
				);
				USER_HEADER_SEARCH_PATHS = (
					"/usr/local/Cellar/glew/2.2.0_1/include/**",
					"/usr/local/Cellar/glfw/3.4/include/**",
				);
			};
			name = Debug;
		};
		657F0B082D5BFCB300648CCB /* Release */ = {
			isa = XCBuildConfiguration;
			buildSettings = {
				CODE_SIGN_STYLE = Automatic;
				HEADER_SEARCH_PATHS = /usr/local/include;
				LIBRARY_SEARCH_PATHS = (
					"$(inherited)",
					/usr/local/Cellar/glew/2.2.0_1/lib,
					/usr/local/Cellar/glfw/3.4/lib,
					/usr/local/lib,
				);
				PRODUCT_NAME = "$(TARGET_NAME)";
				SYSTEM_HEADER_SEARCH_PATHS = (
					"/usr/local/Cellar/glew/2.2.0_1/include\n/usr/local/Cellar/glew/2.2.0_1/include/**",
				);
				USER_HEADER_SEARCH_PATHS = (
					"/usr/local/Cellar/glew/2.2.0_1/include/**",
					"/usr/local/Cellar/glfw/3.4/include/**",
				);
			};
			name = Release;
		};
/* End XCBuildConfiguration section */

/* Begin XCConfigurationList section */
		657F0AFA2D5BFCB300648CCB /* Build configuration list for PBXProject "tarea1G" */ = {
			isa = XCConfigurationList;
			buildConfigurations = (
				657F0B042D5BFCB300648CCB /* Debug */,
				657F0B052D5BFCB300648CCB /* Release */,
			);
			defaultConfigurationIsVisible = 0;
			defaultConfigurationName = Release;
		};
		657F0B062D5BFCB300648CCB /* Build configuration list for PBXNativeTarget "tarea1G" */ = {
			isa = XCConfigurationList;
			buildConfigurations = (
				657F0B072D5BFCB300648CCB /* Debug */,
				657F0B082D5BFCB300648CCB /* Release */,
			);
			defaultConfigurationIsVisible = 0;
			defaultConfigurationName = Release;
		};
/* End XCConfigurationList section */
	};
	rootObject = 657F0AF72D5BFCB300648CCB /* Project object */;
}
